{
  "name": "md-bot-3",
  "version": "1.0.0",
  "lockfileVersion": 2,
  "requires": true,
  "packages": {
    "": {
      "name": "md-bot-3",
      "version": "1.0.0",
      "license": "ISC",
      "dependencies": {
        "node-fetch": "^2.6.1",
        "ratelimit": "github:missingsemi/ratelimit"
      }
    },
    "node_modules/node-fetch": {
      "version": "2.6.1",
      "resolved": "https://registry.npmjs.org/node-fetch/-/node-fetch-2.6.1.tgz",
      "integrity": "sha512-V4aYg89jEoVRxRb2fJdAg8FHvI7cEyYdVAh94HH0UIK8oJxUfkjlDQN9RbMx+bEjP7+ggMiFRprSti032Oipxw==",
      "engines": {
        "node": "4.x || >=6.0.0"
      }
    },
    "node_modules/ratelimit": {
      "version": "1.0.0",
      "resolved": "git+ssh://git@github.com/missingsemi/ratelimit.git#15a36b773fe1a06904f4ce76965dc2c162ba1b48",
      "license": "ISC"
    }
  },
  "dependencies": {
    "node-fetch": {
      "version": "2.6.1",
      "resolved": "https://registry.npmjs.org/node-fetch/-/node-fetch-2.6.1.tgz",
      "integrity": "sha512-V4aYg89jEoVRxRb2fJdAg8FHvI7cEyYdVAh94HH0UIK8oJxUfkjlDQN9RbMx+bEjP7+ggMiFRprSti032Oipxw=="
    },
    "ratelimit": {
      "version": "git+ssh://git@github.com/missingsemi/ratelimit.git#15a36b773fe1a06904f4ce76965dc2c162ba1b48",
      "from": "ratelimit@github:missingsemi/ratelimit"
    }
  }
}
